
Microsoft Visual Studio Solution File, Format Version 12.00
# Visual Studio Version 17
VisualStudioVersion = 17.0.31903.59
MinimumVisualStudioVersion = 10.0.40219.1
Project("{9A19103F-16F7-4668-BE54-9A1E7A4F7556}") = "YourSolution.Model", "YourSolution.Model\YourSolution.Model.csproj", "{9EB3955F-4A2D-40B6-A6D6-9DAFCB6C1945}"
EndProject
Project("{9A19103F-16F7-4668-BE54-9A1E7A4F7556}") = "YourSolution.DAL", "YourSolution.DAL\YourSolution.DAL.csproj", "{B781EE09-7701-4F4D-A887-5CDCEF1F5B3B}"
EndProject
Project("{9A19103F-16F7-4668-BE54-9A1E7A4F7556}") = "YourSolution.BLL", "YourSolution.BLL\YourSolution.BLL.csproj", "{1D7E7CCA-39C2-43F3-8BB0-056622A11000}"
EndProject
Project("{9A19103F-16F7-4668-BE54-9A1E7A4F7556}") = "YourSolution.WinForm", "YourSolution.WinForm\YourSolution.WinForm.csproj", "{3D158876-93DC-42DC-ADED-356DB375EF26}"
EndProject
Global
	GlobalSection(SolutionConfigurationPlatforms) = preSolution
		Debug|Any CPU = Debug|Any CPU
		Release|Any CPU = Release|Any CPU
	EndGlobalSection
	GlobalSection(ProjectConfigurationPlatforms) = postSolution
		{9EB3955F-4A2D-40B6-A6D6-9DAFCB6C1945}.Debug|Any CPU.ActiveCfg = Debug|Any CPU
		{9EB3955F-4A2D-40B6-A6D6-9DAFCB6C1945}.Debug|Any CPU.Build.0 = Debug|Any CPU
		{9EB3955F-4A2D-40B6-A6D6-9DAFCB6C1945}.Release|Any CPU.ActiveCfg = Release|Any CPU
		{9EB3955F-4A2D-40B6-A6D6-9DAFCB6C1945}.Release|Any CPU.Build.0 = Release|Any CPU
		{B781EE09-7701-4F4D-A887-5CDCEF1F5B3B}.Debug|Any CPU.ActiveCfg = Debug|Any CPU
		{B781EE09-7701-4F4D-A887-5CDCEF1F5B3B}.Debug|Any CPU.Build.0 = Debug|Any CPU
		{B781EE09-7701-4F4D-A887-5CDCEF1F5B3B}.Release|Any CPU.ActiveCfg = Release|Any CPU
		{B781EE09-7701-4F4D-A887-5CDCEF1F5B3B}.Release|Any CPU.Build.0 = Release|Any CPU
		{1D7E7CCA-39C2-43F3-8BB0-056622A11000}.Debug|Any CPU.ActiveCfg = Debug|Any CPU
		{1D7E7CCA-39C2-43F3-8BB0-056622A11000}.Debug|Any CPU.Build.0 = Debug|Any CPU
		{1D7E7CCA-39C2-43F3-8BB0-056622A11000}.Release|Any CPU.ActiveCfg = Release|Any CPU
		{1D7E7CCA-39C2-43F3-8BB0-056622A11000}.Release|Any CPU.Build.0 = Release|Any CPU
		{3D158876-93DC-42DC-ADED-356DB375EF26}.Debug|Any CPU.ActiveCfg = Debug|Any CPU
		{3D158876-93DC-42DC-ADED-356DB375EF26}.Debug|Any CPU.Build.0 = Debug|Any CPU
		{3D158876-93DC-42DC-ADED-356DB375EF26}.Release|Any CPU.ActiveCfg = Release|Any CPU
		{3D158876-93DC-42DC-ADED-356DB375EF26}.Release|Any CPU.Build.0 = Release|Any CPU
	EndGlobalSection
	GlobalSection(SolutionProperties) = preSolution
		HideSolutionNode = FALSE
	EndGlobalSection
EndGlobal
